{
  "requires": true,
  "lockfileVersion": 1,
  "dependencies": {
    "portal-vue": {
      "version": "2.1.6",
      "resolved": "https://registry.npmjs.org/portal-vue/-/portal-vue-2.1.6.tgz",
      "integrity": "sha512-lvCF85D4e8whd0nN32D8FqKwwkk7nYUI3Ku8UAEx4Z1reomu75dv5evRUTZNaj1EalxxWNXiNl0EHRq36fG8WA=="
    },
    "vue": {
      "version": "2.6.10",
      "resolved": "https://registry.npmjs.org/vue/-/vue-2.6.10.tgz",
      "integrity": "sha512-ImThpeNU9HbdZL3utgMCq0oiMzAkt1mcgy3/E6zWC/G6AaQoeuFdsl9nDhTDU3X1R6FK7nsIUuRACVcjI+A2GQ=="
    }
  }
}
